// !$*UTF8*$!
{
	archiveVersion = 1;
	classes = {
	};
	objectVersion = 56;
	objects = {

/* Begin PBXBuildFile section */
		DC2ABDEC2AB50E3F00778F10 /* HospitalFoodOrderChatGPTApp.swift in Sources */ = {isa = PBXBuildFile; fileRef = DC2ABDEB2AB50E3F00778F10 /* HospitalFoodOrderChatGPTApp.swift */; };
		DC2ABDEE2AB50E3F00778F10 /* ContentView.swift in Sources */ = {isa = PBXBuildFile; fileRef = DC2ABDED2AB50E3F00778F10 /* ContentView.swift */; };
		DC2ABDF02AB50E4400778F10 /* Assets.xcassets in Resources */ = {isa = PBXBuildFile; fileRef = DC2ABDEF2AB50E4400778F10 /* Assets.xcassets */; };
		DC2ABDF32AB50E4400778F10 /* Preview Assets.xcassets in Resources */ = {isa = PBXBuildFile; fileRef = DC2ABDF22AB50E4400778F10 /* Preview Assets.xcassets */; };
		DC2ABDFD2AB50E4400778F10 /* HospitalFoodOrderChatGPTTests.swift in Sources */ = {isa = PBXBuildFile; fileRef = DC2ABDFC2AB50E4400778F10 /* HospitalFoodOrderChatGPTTests.swift */; };
		DC2ABE072AB50E4400778F10 /* HospitalFoodOrderChatGPTUITests.swift in Sources */ = {isa = PBXBuildFile; fileRef = DC2ABE062AB50E4400778F10 /* HospitalFoodOrderChatGPTUITests.swift */; };
		DC2ABE092AB50E4400778F10 /* HospitalFoodOrderChatGPTUITestsLaunchTests.swift in Sources */ = {isa = PBXBuildFile; fileRef = DC2ABE082AB50E4400778F10 /* HospitalFoodOrderChatGPTUITestsLaunchTests.swift */; };
/* End PBXBuildFile section */

/* Begin PBXContainerItemProxy section */
		DC2ABDF92AB50E4400778F10 /* PBXContainerItemProxy */ = {
			isa = PBXContainerItemProxy;
			containerPortal = DC2ABDE02AB50E3F00778F10 /* Project object */;
			proxyType = 1;
			remoteGlobalIDString = DC2ABDE72AB50E3F00778F10;
			remoteInfo = HospitalFoodOrderChatGPT;
		};
		DC2ABE032AB50E4400778F10 /* PBXContainerItemProxy */ = {
			isa = PBXContainerItemProxy;
			containerPortal = DC2ABDE02AB50E3F00778F10 /* Project object */;
			proxyType = 1;
			remoteGlobalIDString = DC2ABDE72AB50E3F00778F10;
			remoteInfo = HospitalFoodOrderChatGPT;
		};
/* End PBXContainerItemProxy section */

/* Begin PBXFileReference section */
		DC2ABDE82AB50E3F00778F10 /* HospitalFoodOrderChatGPT.app */ = {isa = PBXFileReference; explicitFileType = wrapper.application; includeInIndex = 0; path = HospitalFoodOrderChatGPT.app; sourceTree = BUILT_PRODUCTS_DIR; };
		DC2ABDEB2AB50E3F00778F10 /* HospitalFoodOrderChatGPTApp.swift */ = {isa = PBXFileReference; lastKnownFileType = sourcecode.swift; path = HospitalFoodOrderChatGPTApp.swift; sourceTree = "<group>"; };
		DC2ABDED2AB50E3F00778F10 /* ContentView.swift */ = {isa = PBXFileReference; lastKnownFileType = sourcecode.swift; path = ContentView.swift; sourceTree = "<group>"; };
		DC2ABDEF2AB50E4400778F10 /* Assets.xcassets */ = {isa = PBXFileReference; lastKnownFileType = folder.assetcatalog; path = Assets.xcassets; sourceTree = "<group>"; };
		DC2ABDF22AB50E4400778F10 /* Preview Assets.xcassets */ = {isa = PBXFileReference; lastKnownFileType = folder.assetcatalog; path = "Preview Assets.xcassets"; sourceTree = "<group>"; };
		DC2ABDF82AB50E4400778F10 /* HospitalFoodOrderChatGPTTests.xctest */ = {isa = PBXFileReference; explicitFileType = wrapper.cfbundle; includeInIndex = 0; path = HospitalFoodOrderChatGPTTests.xctest; sourceTree = BUILT_PRODUCTS_DIR; };
		DC2ABDFC2AB50E4400778F10 /* HospitalFoodOrderChatGPTTests.swift */ = {isa = PBXFileReference; lastKnownFileType = sourcecode.swift; path = HospitalFoodOrderChatGPTTests.swift; sourceTree = "<group>"; };
		DC2ABE022AB50E4400778F10 /* HospitalFoodOrderChatGPTUITests.xctest */ = {isa = PBXFileReference; explicitFileType = wrapper.cfbundle; includeInIndex = 0; path = HospitalFoodOrderChatGPTUITests.xctest; sourceTree = BUILT_PRODUCTS_DIR; };
		DC2ABE062AB50E4400778F10 /* HospitalFoodOrderChatGPTUITests.swift */ = {isa = PBXFileReference; lastKnownFileType = sourcecode.swift; path = HospitalFoodOrderChatGPTUITests.swift; sourceTree = "<group>"; };
		DC2ABE082AB50E4400778F10 /* HospitalFoodOrderChatGPTUITestsLaunchTests.swift */ = {isa = PBXFileReference; lastKnownFileType = sourcecode.swift; path = HospitalFoodOrderChatGPTUITestsLaunchTests.swift; sourceTree = "<group>"; };
/* End PBXFileReference section */

/* Begin PBXFrameworksBuildPhase section */
		DC2ABDE52AB50E3F00778F10 /* Frameworks */ = {
			isa = PBXFrameworksBuildPhase;
			buildActionMask = 2147483647;
			files = (
			);
			runOnlyForDeploymentPostprocessing = 0;
		};
		DC2ABDF52AB50E4400778F10 /* Frameworks */ = {
			isa = PBXFrameworksBuildPhase;
			buildActionMask = 2147483647;
			files = (
			);
			runOnlyForDeploymentPostprocessing = 0;
		};
		DC2ABDFF2AB50E4400778F10 /* Frameworks */ = {
			isa = PBXFrameworksBuildPhase;
			buildActionMask = 2147483647;
			files = (
			);
			runOnlyForDeploymentPostprocessing = 0;
		};
/* End PBXFrameworksBuildPhase section */

/* Begin PBXGroup section */
		DC2ABDDF2AB50E3F00778F10 = {
			isa = PBXGroup;
			children = (
				DC2ABDEA2AB50E3F00778F10 /* HospitalFoodOrderChatGPT */,
				DC2ABDFB2AB50E4400778F10 /* HospitalFoodOrderChatGPTTests */,
				DC2ABE052AB50E4400778F10 /* HospitalFoodOrderChatGPTUITests */,
				DC2ABDE92AB50E3F00778F10 /* Products */,
			);
			sourceTree = "<group>";
		};
		DC2ABDE92AB50E3F00778F10 /* Products */ = {
			isa = PBXGroup;
			children = (
				DC2ABDE82AB50E3F00778F10 /* HospitalFoodOrderChatGPT.app */,
				DC2ABDF82AB50E4400778F10 /* HospitalFoodOrderChatGPTTests.xctest */,
				DC2ABE022AB50E4400778F10 /* HospitalFoodOrderChatGPTUITests.xctest */,
			);
			name = Products;
			sourceTree = "<group>";
		};
		DC2ABDEA2AB50E3F00778F10 /* HospitalFoodOrderChatGPT */ = {
			isa = PBXGroup;
			children = (
				DC2ABDEB2AB50E3F00778F10 /* HospitalFoodOrderChatGPTApp.swift */,
				DC2ABDED2AB50E3F00778F10 /* ContentView.swift */,
				DC2ABDEF2AB50E4400778F10 /* Assets.xcassets */,
				DC2ABDF12AB50E4400778F10 /* Preview Content */,
			);
			path = HospitalFoodOrderChatGPT;
			sourceTree = "<group>";
		};
		DC2ABDF12AB50E4400778F10 /* Preview Content */ = {
			isa = PBXGroup;
			children = (
				DC2ABDF22AB50E4400778F10 /* Preview Assets.xcassets */,
			);
			path = "Preview Content";
			sourceTree = "<group>";
		};
		DC2ABDFB2AB50E4400778F10 /* HospitalFoodOrderChatGPTTests */ = {
			isa = PBXGroup;
			children = (
				DC2ABDFC2AB50E4400778F10 /* HospitalFoodOrderChatGPTTests.swift */,
			);
			path = HospitalFoodOrderChatGPTTests;
			sourceTree = "<group>";
		};
		DC2ABE052AB50E4400778F10 /* HospitalFoodOrderChatGPTUITests */ = {
			isa = PBXGroup;
			children = (
				DC2ABE062AB50E4400778F10 /* HospitalFoodOrderChatGPTUITests.swift */,
				DC2ABE082AB50E4400778F10 /* HospitalFoodOrderChatGPTUITestsLaunchTests.swift */,
			);
			path = HospitalFoodOrderChatGPTUITests;
			sourceTree = "<group>";
		};
/* End PBXGroup section */

/* Begin PBXNativeTarget section */
		DC2ABDE72AB50E3F00778F10 /* HospitalFoodOrderChatGPT */ = {
			isa = PBXNativeTarget;
			buildConfigurationList = DC2ABE0C2AB50E4400778F10 /* Build configuration list for PBXNativeTarget "HospitalFoodOrderChatGPT" */;
			buildPhases = (
				DC2ABDE42AB50E3F00778F10 /* Sources */,
				DC2ABDE52AB50E3F00778F10 /* Frameworks */,
				DC2ABDE62AB50E3F00778F10 /* Resources */,
			);
			buildRules = (
			);
			dependencies = (
			);
			name = HospitalFoodOrderChatGPT;
			productName = HospitalFoodOrderChatGPT;
			productReference = DC2ABDE82AB50E3F00778F10 /* HospitalFoodOrderChatGPT.app */;
			productType = "com.apple.product-type.application";
		};
		DC2ABDF72AB50E4400778F10 /* HospitalFoodOrderChatGPTTests */ = {
			isa = PBXNativeTarget;
			buildConfigurationList = DC2ABE0F2AB50E4400778F10 /* Build configuration list for PBXNativeTarget "HospitalFoodOrderChatGPTTests" */;
			buildPhases = (
				DC2ABDF42AB50E4400778F10 /* Sources */,
				DC2ABDF52AB50E4400778F10 /* Frameworks */,
				DC2ABDF62AB50E4400778F10 /* Resources */,
			);
			buildRules = (
			);
			dependencies = (
				DC2ABDFA2AB50E4400778F10 /* PBXTargetDependency */,
			);
			name = HospitalFoodOrderChatGPTTests;
			productName = HospitalFoodOrderChatGPTTests;
			productReference = DC2ABDF82AB50E4400778F10 /* HospitalFoodOrderChatGPTTests.xctest */;
			productType = "com.apple.product-type.bundle.unit-test";
		};
		DC2ABE012AB50E4400778F10 /* HospitalFoodOrderChatGPTUITests */ = {
			isa = PBXNativeTarget;
			buildConfigurationList = DC2ABE122AB50E4400778F10 /* Build configuration list for PBXNativeTarget "HospitalFoodOrderChatGPTUITests" */;
			buildPhases = (
				DC2ABDFE2AB50E4400778F10 /* Sources */,
				DC2ABDFF2AB50E4400778F10 /* Frameworks */,
				DC2ABE002AB50E4400778F10 /* Resources */,
			);
			buildRules = (
			);
			dependencies = (
				DC2ABE042AB50E4400778F10 /* PBXTargetDependency */,
			);
			name = HospitalFoodOrderChatGPTUITests;
			productName = HospitalFoodOrderChatGPTUITests;
			productReference = DC2ABE022AB50E4400778F10 /* HospitalFoodOrderChatGPTUITests.xctest */;
			productType = "com.apple.product-type.bundle.ui-testing";
		};
/* End PBXNativeTarget section */

/* Begin PBXProject section */
		DC2ABDE02AB50E3F00778F10 /* Project object */ = {
			isa = PBXProject;
			attributes = {
				BuildIndependentTargetsInParallel = 1;
				LastSwiftUpdateCheck = 1500;
				LastUpgradeCheck = 1500;
				TargetAttributes = {
					DC2ABDE72AB50E3F00778F10 = {
						CreatedOnToolsVersion = 15.0;
					};
					DC2ABDF72AB50E4400778F10 = {
						CreatedOnToolsVersion = 15.0;
						TestTargetID = DC2ABDE72AB50E3F00778F10;
					};
					DC2ABE012AB50E4400778F10 = {
						CreatedOnToolsVersion = 15.0;
						TestTargetID = DC2ABDE72AB50E3F00778F10;
					};
				};
			};
			buildConfigurationList = DC2ABDE32AB50E3F00778F10 /* Build configuration list for PBXProject "HospitalFoodOrderChatGPT" */;
			compatibilityVersion = "Xcode 14.0";
			developmentRegion = en;
			hasScannedForEncodings = 0;
			knownRegions = (
				en,
				Base,
			);
			mainGroup = DC2ABDDF2AB50E3F00778F10;
			productRefGroup = DC2ABDE92AB50E3F00778F10 /* Products */;
			projectDirPath = "";
			projectRoot = "";
			targets = (
				DC2ABDE72AB50E3F00778F10 /* HospitalFoodOrderChatGPT */,
				DC2ABDF72AB50E4400778F10 /* HospitalFoodOrderChatGPTTests */,
				DC2ABE012AB50E4400778F10 /* HospitalFoodOrderChatGPTUITests */,
			);
		};
/* End PBXProject section */

/* Begin PBXResourcesBuildPhase section */
		DC2ABDE62AB50E3F00778F10 /* Resources */ = {
			isa = PBXResourcesBuildPhase;
			buildActionMask = 2147483647;
			files = (
				DC2ABDF32AB50E4400778F10 /* Preview Assets.xcassets in Resources */,
				DC2ABDF02AB50E4400778F10 /* Assets.xcassets in Resources */,
			);
			runOnlyForDeploymentPostprocessing = 0;
		};
		DC2ABDF62AB50E4400778F10 /* Resources */ = {
			isa = PBXResourcesBuildPhase;
			buildActionMask = 2147483647;
			files = (
			);
			runOnlyForDeploymentPostprocessing = 0;
		};
		DC2ABE002AB50E4400778F10 /* Resources */ = {
			isa = PBXResourcesBuildPhase;
			buildActionMask = 2147483647;
			files = (
			);
			runOnlyForDeploymentPostprocessing = 0;
		};
/* End PBXResourcesBuildPhase section */

/* Begin PBXSourcesBuildPhase section */
		DC2ABDE42AB50E3F00778F10 /* Sources */ = {
			isa = PBXSourcesBuildPhase;
			buildActionMask = 2147483647;
			files = (
				DC2ABDEE2AB50E3F00778F10 /* ContentView.swift in Sources */,
				DC2ABDEC2AB50E3F00778F10 /* HospitalFoodOrderChatGPTApp.swift in Sources */,
			);
			runOnlyForDeploymentPostprocessing = 0;
		};
		DC2ABDF42AB50E4400778F10 /* Sources */ = {
			isa = PBXSourcesBuildPhase;
			buildActionMask = 2147483647;
			files = (
				DC2ABDFD2AB50E4400778F10 /* HospitalFoodOrderChatGPTTests.swift in Sources */,
			);
			runOnlyForDeploymentPostprocessing = 0;
		};
		DC2ABDFE2AB50E4400778F10 /* Sources */ = {
			isa = PBXSourcesBuildPhase;
			buildActionMask = 2147483647;
			files = (
				DC2ABE072AB50E4400778F10 /* HospitalFoodOrderChatGPTUITests.swift in Sources */,
				DC2ABE092AB50E4400778F10 /* HospitalFoodOrderChatGPTUITestsLaunchTests.swift in Sources */,
			);
			runOnlyForDeploymentPostprocessing = 0;
		};
/* End PBXSourcesBuildPhase section */

/* Begin PBXTargetDependency section */
		DC2ABDFA2AB50E4400778F10 /* PBXTargetDependency */ = {
			isa = PBXTargetDependency;
			target = DC2ABDE72AB50E3F00778F10 /* HospitalFoodOrderChatGPT */;
			targetProxy = DC2ABDF92AB50E4400778F10 /* PBXContainerItemProxy */;
		};
		DC2ABE042AB50E4400778F10 /* PBXTargetDependency */ = {
			isa = PBXTargetDependency;
			target = DC2ABDE72AB50E3F00778F10 /* HospitalFoodOrderChatGPT */;
			targetProxy = DC2ABE032AB50E4400778F10 /* PBXContainerItemProxy */;
		};
/* End PBXTargetDependency section */

/* Begin XCBuildConfiguration section */
		DC2ABE0A2AB50E4400778F10 /* Debug */ = {
			isa = XCBuildConfiguration;
			buildSettings = {
				ALWAYS_SEARCH_USER_PATHS = NO;
				ASSETCATALOG_COMPILER_GENERATE_SWIFT_ASSET_SYMBOL_EXTENSIONS = YES;
				CLANG_ANALYZER_NONNULL = YES;
				CLANG_ANALYZER_NUMBER_OBJECT_CONVERSION = YES_AGGRESSIVE;
				CLANG_CXX_LANGUAGE_STANDARD = "gnu++20";
				CLANG_ENABLE_MODULES = YES;
				CLANG_ENABLE_OBJC_ARC = YES;
				CLANG_ENABLE_OBJC_WEAK = YES;
				CLANG_WARN_BLOCK_CAPTURE_AUTORELEASING = YES;
				CLANG_WARN_BOOL_CONVERSION = YES;
				CLANG_WARN_COMMA = YES;
				CLANG_WARN_CONSTANT_CONVERSION = YES;
				CLANG_WARN_DEPRECATED_OBJC_IMPLEMENTATIONS = YES;
				CLANG_WARN_DIRECT_OBJC_ISA_USAGE = YES_ERROR;
				CLANG_WARN_DOCUMENTATION_COMMENTS = YES;
				CLANG_WARN_EMPTY_BODY = YES;
				CLANG_WARN_ENUM_CONVERSION = YES;
				CLANG_WARN_INFINITE_RECURSION = YES;
				CLANG_WARN_INT_CONVERSION = YES;
				CLANG_WARN_NON_LITERAL_NULL_CONVERSION = YES;
				CLANG_WARN_OBJC_IMPLICIT_RETAIN_SELF = YES;
				CLANG_WARN_OBJC_LITERAL_CONVERSION = YES;
				CLANG_WARN_OBJC_ROOT_CLASS = YES_ERROR;
				CLANG_WARN_QUOTED_INCLUDE_IN_FRAMEWORK_HEADER = YES;
				CLANG_WARN_RANGE_LOOP_ANALYSIS = YES;
				CLANG_WARN_STRICT_PROTOTYPES = YES;
				CLANG_WARN_SUSPICIOUS_MOVE = YES;
				CLANG_WARN_UNGUARDED_AVAILABILITY = YES_AGGRESSIVE;
				CLANG_WARN_UNREACHABLE_CODE = YES;
				CLANG_WARN__DUPLICATE_METHOD_MATCH = YES;
				COPY_PHASE_STRIP = NO;
				DEBUG_INFORMATION_FORMAT = dwarf;
				ENABLE_STRICT_OBJC_MSGSEND = YES;
				ENABLE_TESTABILITY = YES;
				ENABLE_USER_SCRIPT_SANDBOXING = YES;
				GCC_C_LANGUAGE_STANDARD = gnu17;
				GCC_DYNAMIC_NO_PIC = NO;
				GCC_NO_COMMON_BLOCKS = YES;
				GCC_OPTIMIZATION_LEVEL = 0;
				GCC_PREPROCESSOR_DEFINITIONS = (
					"DEBUG=1",
					"$(inherited)",
				);
				GCC_WARN_64_TO_32_BIT_CONVERSION = YES;
				GCC_WARN_ABOUT_RETURN_TYPE = YES_ERROR;
				GCC_WARN_UNDECLARED_SELECTOR = YES;
				GCC_WARN_UNINITIALIZED_AUTOS = YES_AGGRESSIVE;
				GCC_WARN_UNUSED_FUNCTION = YES;
				GCC_WARN_UNUSED_VARIABLE = YES;
				IPHONEOS_DEPLOYMENT_TARGET = 17.0;
				LOCALIZATION_PREFERS_STRING_CATALOGS = YES;
				MTL_ENABLE_DEBUG_INFO = INCLUDE_SOURCE;
				MTL_FAST_MATH = YES;
				ONLY_ACTIVE_ARCH = YES;
				SDKROOT = iphoneos;
				SWIFT_ACTIVE_COMPILATION_CONDITIONS = "DEBUG $(inherited)";
				SWIFT_OPTIMIZATION_LEVEL = "-Onone";
			};
			name = Debug;
		};
		DC2ABE0B2AB50E4400778F10 /* Release */ = {
			isa = XCBuildConfiguration;
			buildSettings = {
				ALWAYS_SEARCH_USER_PATHS = NO;
				ASSETCATALOG_COMPILER_GENERATE_SWIFT_ASSET_SYMBOL_EXTENSIONS = YES;
				CLANG_ANALYZER_NONNULL = YES;
				CLANG_ANALYZER_NUMBER_OBJECT_CONVERSION = YES_AGGRESSIVE;
				CLANG_CXX_LANGUAGE_STANDARD = "gnu++20";
				CLANG_ENABLE_MODULES = YES;
				CLANG_ENABLE_OBJC_ARC = YES;
				CLANG_ENABLE_OBJC_WEAK = YES;
				CLANG_WARN_BLOCK_CAPTURE_AUTORELEASING = YES;
				CLANG_WARN_BOOL_CONVERSION = YES;
				CLANG_WARN_COMMA = YES;
				CLANG_WARN_CONSTANT_CONVERSION = YES;
				CLANG_WARN_DEPRECATED_OBJC_IMPLEMENTATIONS = YES;
				CLANG_WARN_DIRECT_OBJC_ISA_USAGE = YES_ERROR;
				CLANG_WARN_DOCUMENTATION_COMMENTS = YES;
				CLANG_WARN_EMPTY_BODY = YES;
				CLANG_WARN_ENUM_CONVERSION = YES;
				CLANG_WARN_INFINITE_RECURSION = YES;
				CLANG_WARN_INT_CONVERSION = YES;
				CLANG_WARN_NON_LITERAL_NULL_CONVERSION = YES;
				CLANG_WARN_OBJC_IMPLICIT_RETAIN_SELF = YES;
				CLANG_WARN_OBJC_LITERAL_CONVERSION = YES;
				CLANG_WARN_OBJC_ROOT_CLASS = YES_ERROR;
				CLANG_WARN_QUOTED_INCLUDE_IN_FRAMEWORK_HEADER = YES;
				CLANG_WARN_RANGE_LOOP_ANALYSIS = YES;
				CLANG_WARN_STRICT_PROTOTYPES = YES;
				CLANG_WARN_SUSPICIOUS_MOVE = YES;
				CLANG_WARN_UNGUARDED_AVAILABILITY = YES_AGGRESSIVE;
				CLANG_WARN_UNREACHABLE_CODE = YES;
				CLANG_WARN__DUPLICATE_METHOD_MATCH = YES;
				COPY_PHASE_STRIP = NO;
				DEBUG_INFORMATION_FORMAT = "dwarf-with-dsym";
				ENABLE_NS_ASSERTIONS = NO;
				ENABLE_STRICT_OBJC_MSGSEND = YES;
				ENABLE_USER_SCRIPT_SANDBOXING = YES;
				GCC_C_LANGUAGE_STANDARD = gnu17;
				GCC_NO_COMMON_BLOCKS = YES;
				GCC_WARN_64_TO_32_BIT_CONVERSION = YES;
				GCC_WARN_ABOUT_RETURN_TYPE = YES_ERROR;
				GCC_WARN_UNDECLARED_SELECTOR = YES;
				GCC_WARN_UNINITIALIZED_AUTOS = YES_AGGRESSIVE;
				GCC_WARN_UNUSED_FUNCTION = YES;
				GCC_WARN_UNUSED_VARIABLE = YES;
				IPHONEOS_DEPLOYMENT_TARGET = 17.0;
				LOCALIZATION_PREFERS_STRING_CATALOGS = YES;
				MTL_ENABLE_DEBUG_INFO = NO;
				MTL_FAST_MATH = YES;
				SDKROOT = iphoneos;
				SWIFT_COMPILATION_MODE = wholemodule;
				VALIDATE_PRODUCT = YES;
			};
			name = Release;
		};
		DC2ABE0D2AB50E4400778F10 /* Debug */ = {
			isa = XCBuildConfiguration;
			buildSettings = {
				ASSETCATALOG_COMPILER_APPICON_NAME = AppIcon;
				ASSETCATALOG_COMPILER_GLOBAL_ACCENT_COLOR_NAME = AccentColor;
				CODE_SIGN_STYLE = Automatic;
				CURRENT_PROJECT_VERSION = 1;
				DEVELOPMENT_ASSET_PATHS = "\"HospitalFoodOrderChatGPT/Preview Content\"";
				ENABLE_PREVIEWS = YES;
				GENERATE_INFOPLIST_FILE = YES;
				INFOPLIST_KEY_UIApplicationSceneManifest_Generation = YES;
				INFOPLIST_KEY_UIApplicationSupportsIndirectInputEvents = YES;
				INFOPLIST_KEY_UILaunchScreen_Generation = YES;
				INFOPLIST_KEY_UISupportedInterfaceOrientations_iPad = "UIInterfaceOrientationPortrait UIInterfaceOrientationPortraitUpsideDown UIInterfaceOrientationLandscapeLeft UIInterfaceOrientationLandscapeRight";
				INFOPLIST_KEY_UISupportedInterfaceOrientations_iPhone = "UIInterfaceOrientationPortrait UIInterfaceOrientationLandscapeLeft UIInterfaceOrientationLandscapeRight";
				LD_RUNPATH_SEARCH_PATHS = (
					"$(inherited)",
					"@executable_path/Frameworks",
				);
				MARKETING_VERSION = 1.0;
				PRODUCT_BUNDLE_IDENTIFIER = PrivatFelix.HospitalFoodOrderChatGPT;
				PRODUCT_NAME = "$(TARGET_NAME)";
				SWIFT_EMIT_LOC_STRINGS = YES;
				SWIFT_VERSION = 5.0;
				TARGETED_DEVICE_FAMILY = "1,2";
			};
			name = Debug;
		};
		DC2ABE0E2AB50E4400778F10 /* Release */ = {
			isa = XCBuildConfiguration;
			buildSettings = {
				ASSETCATALOG_COMPILER_APPICON_NAME = AppIcon;
				ASSETCATALOG_COMPILER_GLOBAL_ACCENT_COLOR_NAME = AccentColor;
				CODE_SIGN_STYLE = Automatic;
				CURRENT_PROJECT_VERSION = 1;
				DEVELOPMENT_ASSET_PATHS = "\"HospitalFoodOrderChatGPT/Preview Content\"";
				ENABLE_PREVIEWS = YES;
				GENERATE_INFOPLIST_FILE = YES;
				INFOPLIST_KEY_UIApplicationSceneManifest_Generation = YES;
				INFOPLIST_KEY_UIApplicationSupportsIndirectInputEvents = YES;
				INFOPLIST_KEY_UILaunchScreen_Generation = YES;
				INFOPLIST_KEY_UISupportedInterfaceOrientations_iPad = "UIInterfaceOrientationPortrait UIInterfaceOrientationPortraitUpsideDown UIInterfaceOrientationLandscapeLeft UIInterfaceOrientationLandscapeRight";
				INFOPLIST_KEY_UISupportedInterfaceOrientations_iPhone = "UIInterfaceOrientationPortrait UIInterfaceOrientationLandscapeLeft UIInterfaceOrientationLandscapeRight";
				LD_RUNPATH_SEARCH_PATHS = (
					"$(inherited)",
					"@executable_path/Frameworks",
				);
				MARKETING_VERSION = 1.0;
				PRODUCT_BUNDLE_IDENTIFIER = PrivatFelix.HospitalFoodOrderChatGPT;
				PRODUCT_NAME = "$(TARGET_NAME)";
				SWIFT_EMIT_LOC_STRINGS = YES;
				SWIFT_VERSION = 5.0;
				TARGETED_DEVICE_FAMILY = "1,2";
			};
			name = Release;
		};
		DC2ABE102AB50E4400778F10 /* Debug */ = {
			isa = XCBuildConfiguration;
			buildSettings = {
				ALWAYS_EMBED_SWIFT_STANDARD_LIBRARIES = YES;
				BUNDLE_LOADER = "$(TEST_HOST)";
				CODE_SIGN_STYLE = Automatic;
				CURRENT_PROJECT_VERSION = 1;
				GENERATE_INFOPLIST_FILE = YES;
				IPHONEOS_DEPLOYMENT_TARGET = 17.0;
				MARKETING_VERSION = 1.0;
				PRODUCT_BUNDLE_IDENTIFIER = PrivatFelix.HospitalFoodOrderChatGPTTests;
				PRODUCT_NAME = "$(TARGET_NAME)";
				SWIFT_EMIT_LOC_STRINGS = NO;
				SWIFT_VERSION = 5.0;
				TARGETED_DEVICE_FAMILY = "1,2";
				TEST_HOST = "$(BUILT_PRODUCTS_DIR)/HospitalFoodOrderChatGPT.app/$(BUNDLE_EXECUTABLE_FOLDER_PATH)/HospitalFoodOrderChatGPT";
			};
			name = Debug;
		};
		DC2ABE112AB50E4400778F10 /* Release */ = {
			isa = XCBuildConfiguration;
			buildSettings = {
				ALWAYS_EMBED_SWIFT_STANDARD_LIBRARIES = YES;
				BUNDLE_LOADER = "$(TEST_HOST)";
				CODE_SIGN_STYLE = Automatic;
				CURRENT_PROJECT_VERSION = 1;
				GENERATE_INFOPLIST_FILE = YES;
				IPHONEOS_DEPLOYMENT_TARGET = 17.0;
				MARKETING_VERSION = 1.0;
				PRODUCT_BUNDLE_IDENTIFIER = PrivatFelix.HospitalFoodOrderChatGPTTests;
				PRODUCT_NAME = "$(TARGET_NAME)";
				SWIFT_EMIT_LOC_STRINGS = NO;
				SWIFT_VERSION = 5.0;
				TARGETED_DEVICE_FAMILY = "1,2";
				TEST_HOST = "$(BUILT_PRODUCTS_DIR)/HospitalFoodOrderChatGPT.app/$(BUNDLE_EXECUTABLE_FOLDER_PATH)/HospitalFoodOrderChatGPT";
			};
			name = Release;
		};
		DC2ABE132AB50E4400778F10 /* Debug */ = {
			isa = XCBuildConfiguration;
			buildSettings = {
				ALWAYS_EMBED_SWIFT_STANDARD_LIBRARIES = YES;
				CODE_SIGN_STYLE = Automatic;
				CURRENT_PROJECT_VERSION = 1;
				GENERATE_INFOPLIST_FILE = YES;
				MARKETING_VERSION = 1.0;
				PRODUCT_BUNDLE_IDENTIFIER = PrivatFelix.HospitalFoodOrderChatGPTUITests;
				PRODUCT_NAME = "$(TARGET_NAME)";
				SWIFT_EMIT_LOC_STRINGS = NO;
				SWIFT_VERSION = 5.0;
				TARGETED_DEVICE_FAMILY = "1,2";
				TEST_TARGET_NAME = HospitalFoodOrderChatGPT;
			};
			name = Debug;
		};
		DC2ABE142AB50E4400778F10 /* Release */ = {
			isa = XCBuildConfiguration;
			buildSettings = {
				ALWAYS_EMBED_SWIFT_STANDARD_LIBRARIES = YES;
				CODE_SIGN_STYLE = Automatic;
				CURRENT_PROJECT_VERSION = 1;
				GENERATE_INFOPLIST_FILE = YES;
				MARKETING_VERSION = 1.0;
				PRODUCT_BUNDLE_IDENTIFIER = PrivatFelix.HospitalFoodOrderChatGPTUITests;
				PRODUCT_NAME = "$(TARGET_NAME)";
				SWIFT_EMIT_LOC_STRINGS = NO;
				SWIFT_VERSION = 5.0;
				TARGETED_DEVICE_FAMILY = "1,2";
				TEST_TARGET_NAME = HospitalFoodOrderChatGPT;
			};
			name = Release;
		};
/* End XCBuildConfiguration section */

/* Begin XCConfigurationList section */
		DC2ABDE32AB50E3F00778F10 /* Build configuration list for PBXProject "HospitalFoodOrderChatGPT" */ = {
			isa = XCConfigurationList;
			buildConfigurations = (
				DC2ABE0A2AB50E4400778F10 /* Debug */,
				DC2ABE0B2AB50E4400778F10 /* Release */,
			);
			defaultConfigurationIsVisible = 0;
			defaultConfigurationName = Release;
		};
		DC2ABE0C2AB50E4400778F10 /* Build configuration list for PBXNativeTarget "HospitalFoodOrderChatGPT" */ = {
			isa = XCConfigurationList;
			buildConfigurations = (
				DC2ABE0D2AB50E4400778F10 /* Debug */,
				DC2ABE0E2AB50E4400778F10 /* Release */,
			);
			defaultConfigurationIsVisible = 0;
			defaultConfigurationName = Release;
		};
		DC2ABE0F2AB50E4400778F10 /* Build configuration list for PBXNativeTarget "HospitalFoodOrderChatGPTTests" */ = {
			isa = XCConfigurationList;
			buildConfigurations = (
				DC2ABE102AB50E4400778F10 /* Debug */,
				DC2ABE112AB50E4400778F10 /* Release */,
			);
			defaultConfigurationIsVisible = 0;
			defaultConfigurationName = Release;
		};
		DC2ABE122AB50E4400778F10 /* Build configuration list for PBXNativeTarget "HospitalFoodOrderChatGPTUITests" */ = {
			isa = XCConfigurationList;
			buildConfigurations = (
				DC2ABE132AB50E4400778F10 /* Debug */,
				DC2ABE142AB50E4400778F10 /* Release */,
			);
			defaultConfigurationIsVisible = 0;
			defaultConfigurationName = Release;
		};
/* End XCConfigurationList section */
	};
	rootObject = DC2ABDE02AB50E3F00778F10 /* Project object */;
}
